<Solution>
  <Folder Name="/src/">
    <Project Path="src/dotnet/ProgramKit.Analyzers/ProgramKit.Analyzers.csproj" />
    <Project Path="src/dotnet/ProgramKit.Authentication/ProgramKit.Authentication.csproj" />
    <Project Path="src/dotnet/ProgramKit.Authentication.BffCookie/ProgramKit.Authentication.BffCookie.csproj" />
    <Project Path="src/dotnet/ProgramKit.Authentication.ClientCredentials/ProgramKit.Authentication.ClientCredentials.csproj" />
    <Project Path="src/dotnet/ProgramKit.Authentication.Assurance/ProgramKit.Authentication.Assurance.csproj" />
    <Project Path="src/dotnet/ProgramKit.Authentication.DownstreamApi/ProgramKit.Authentication.DownstreamApi.csproj" />
    <Project Path="src/dotnet/ProgramKit.Authentication.DPoP/ProgramKit.Authentication.DPoP.csproj" />
    <Project Path="src/dotnet/ProgramKit.Authentication.SpaPkce/ProgramKit.Authentication.SpaPkce.csproj" />
    <Project Path="src/dotnet/ProgramKit.Authentication.TokenExchange/ProgramKit.Authentication.TokenExchange.csproj" />
    <Project Path="src/dotnet/ProgramKit.DomainEvents.Abstractions/ProgramKit.DomainEvents.Abstractions.csproj" />
    <Project Path="src/dotnet/ProgramKit.DomainEvents/ProgramKit.DomainEvents.csproj" />
    <Project Path="src/dotnet/ProgramKit.Forms.Abstractions/ProgramKit.Forms.Abstractions.csproj" />
    <Project Path="src/dotnet/ProgramKit.Forms.Application/ProgramKit.Forms.Application.csproj" />
    <Project Path="src/dotnet/ProgramKit.Forms.Core/ProgramKit.Forms.Core.csproj" />
    <Project Path="src/dotnet/ProgramKit.Forms.JsonForms/ProgramKit.Forms.JsonForms.csproj" />
    <Project Path="src/dotnet/ProgramKit.Forms.Localization/ProgramKit.Forms.Localization.csproj" />
    <Project Path="src/dotnet/ProgramKit.Forms.Management.Tool/ProgramKit.Forms.Management.Tool.csproj" />
    <Project Path="src/dotnet/ProgramKit.Forms.Management.Mcp.AspNetCore/ProgramKit.Forms.Management.Mcp.AspNetCore.csproj" />
    <Project Path="src/dotnet/ProgramKit.Forms.Submissions/ProgramKit.Forms.Submissions.csproj" />
    <Project Path="src/dotnet/ProgramKit.Forms.Tool/ProgramKit.Forms.Tool.csproj" />
    <Project Path="src/dotnet/ProgramKit.Forms.Mcp.AspNetCore/ProgramKit.Forms.Mcp.AspNetCore.csproj" />
    <Project Path="src/dotnet/ProgramKit.Forms.Web.Submissions/ProgramKit.Forms.Web.Submissions.csproj" />
    <Project Path="src/dotnet/ProgramKit.Forms.Web.Management/ProgramKit.Forms.Web.Management.csproj" />
    <Project Path="src/dotnet/ProgramKit.Forms.Web.Runtime/ProgramKit.Forms.Web.Runtime.csproj" />
    <Project Path="src/dotnet/ProgramKit.Forms.Storage.Abstractions/ProgramKit.Forms.Storage.Abstractions.csproj" />
    <Project Path="src/dotnet/ProgramKit.Forms.Storage.FileSystem/ProgramKit.Forms.Storage.FileSystem.csproj" />
    <Project Path="src/dotnet/ProgramKit.Forms.Storage.InMemory/ProgramKit.Forms.Storage.InMemory.csproj" />
    <Project Path="src/dotnet/ProgramKit.Host/ProgramKit.Host.csproj" />
    <Project Path="src/dotnet/ProgramKit.Identity.Admin.Abstractions/ProgramKit.Identity.Admin.Abstractions.csproj" />
    <Project Path="src/dotnet/ProgramKit.Identity.Keycloak.Admin/ProgramKit.Identity.Keycloak.Admin.csproj" />
    <Project Path="src/dotnet/ProgramKit.Localization.Abstractions/ProgramKit.Localization.Abstractions.csproj" />
    <Project Path="src/dotnet/ProgramKit.Localization.Application/ProgramKit.Localization.Application.csproj" />
    <Project Path="src/dotnet/ProgramKit.Localization.Core/ProgramKit.Localization.Core.csproj" />
    <Project Path="src/dotnet/ProgramKit.Localization.Formats/ProgramKit.Localization.Formats.csproj" />
    <Project Path="src/dotnet/ProgramKit.Localization.Tool/ProgramKit.Localization.Tool.csproj" />
    <Project Path="src/dotnet/ProgramKit.Localization.Mcp.AspNetCore/ProgramKit.Localization.Mcp.AspNetCore.csproj" />
    <Project Path="src/dotnet/ProgramKit.Localization.Storage.Abstractions/ProgramKit.Localization.Storage.Abstractions.csproj" />
    <Project Path="src/dotnet/ProgramKit.Localization.Storage.FileSystem/ProgramKit.Localization.Storage.FileSystem.csproj" />
    <Project Path="src/dotnet/ProgramKit.Localization.Storage.InMemory/ProgramKit.Localization.Storage.InMemory.csproj" />
    <Project Path="src/dotnet/ProgramKit.Localization.Web.Management/ProgramKit.Localization.Web.Management.csproj" />
    <Project Path="src/dotnet/ProgramKit.Localization.Web.Runtime/ProgramKit.Localization.Web.Runtime.csproj" />
    <Project Path="src/dotnet/ProgramKit.Mcp.AspNetCore/ProgramKit.Mcp.AspNetCore.csproj" />
    <Project Path="src/dotnet/ProgramKit.OpenApi.Exporter/ProgramKit.OpenApi.Exporter.csproj" />
    <Project Path="src/dotnet/ProgramKit.Tasks.Abstractions/ProgramKit.Tasks.Abstractions.csproj" />
    <Project Path="src/dotnet/ProgramKit.Tasks/ProgramKit.Tasks.csproj" />
    <Project Path="src/dotnet/ProgramKit.WebDefaults/ProgramKit.WebDefaults.csproj" />
    <Project Path="src/dotnet/ProgramKit.Web.OpenApi/ProgramKit.Web.OpenApi.csproj" />
    <Project Path="src/dotnet/ProgramKit.Web.Discovery.Abstractions/ProgramKit.Web.Discovery.Abstractions.csproj" />
    <Project Path="src/dotnet/ProgramKit.Web.Discovery/ProgramKit.Web.Discovery.csproj" />
    <Project Path="src/dotnet/ProgramKit.Web.ProblemDetails/ProgramKit.Web.ProblemDetails.csproj" />
  </Folder>
  <Folder Name="/tests/">
    <Project Path="tests/dotnet/ProgramKit.Forms.Management.Probe/ProgramKit.Forms.Management.Probe.csproj" />
    <Project Path="tests/dotnet/ProgramKit.Forms.Localization.Contracts.Probe/ProgramKit.Forms.Localization.Contracts.Probe.csproj" />
    <Project Path="tests/dotnet/ProgramKit.Forms.Operations.Probe/ProgramKit.Forms.Operations.Probe.csproj" />
    <Project Path="tests/dotnet/ProgramKit.Localization.Web.Probe/ProgramKit.Localization.Web.Probe.csproj" />
    <Project Path="tests/dotnet/ProgramKit.Storage.InMemory.Probe/ProgramKit.Storage.InMemory.Probe.csproj" />
    <Project Path="tests/dotnet/ProgramKit.Web.Discovery.Probe/ProgramKit.Web.Discovery.Probe.csproj" />
    <Project Path="tests/dotnet/ProgramKit.Authentication.BffCookie.Probe/ProgramKit.Authentication.BffCookie.Probe.csproj" />
    <Project Path="tests/dotnet/ProgramKit.Authentication.ClientCredentials.Probe/ProgramKit.Authentication.ClientCredentials.Probe.csproj" />
    <Project Path="tests/dotnet/ProgramKit.Authentication.Assurance.Probe/ProgramKit.Authentication.Assurance.Probe.csproj" />
    <Project Path="tests/dotnet/ProgramKit.Authentication.DownstreamApi.Probe/ProgramKit.Authentication.DownstreamApi.Probe.csproj" />
    <Project Path="tests/dotnet/ProgramKit.Authentication.DPoP.Probe/ProgramKit.Authentication.DPoP.Probe.csproj" />
    <Project Path="tests/dotnet/ProgramKit.Authentication.JwksRotation.Probe/ProgramKit.Authentication.JwksRotation.Probe.csproj" />
    <Project Path="tests/dotnet/ProgramKit.Authentication.TokenExchange.Probe/ProgramKit.Authentication.TokenExchange.Probe.csproj" />
    <Project Path="tests/dotnet/ProgramKit.DomainEvents.Probe/ProgramKit.DomainEvents.Probe.csproj" />
    <Project Path="tests/dotnet/ProgramKit.Identity.Keycloak.Admin.Probe/ProgramKit.Identity.Keycloak.Admin.Probe.csproj" />
  </Folder>
</Solution>
