{
  "version": 2,
  "dependencies": {
    "net10.0": {
      "CShells.AspNetCore.Abstractions": {
        "type": "Direct",
        "requested": "[0.0.29-preview.147, )",
        "resolved": "0.0.29-preview.147",
        "contentHash": "QyrV5tebsfl07v053N1T6DinwDhCr4tICrDwpqPDP6IUSL72ZvumTO2ZurBlbTNgD5wmdCfmHQXduLfLI7iPhA==",
        "dependencies": {
          "CShells.Abstractions": "0.0.29-preview.147",
          "JetBrains.Annotations": "2025.2.4"
        }
      },
      "JetBrains.Annotations": {
        "type": "Transitive",
        "resolved": "2025.2.4",
        "contentHash": "TwbgxAkXxY+vNEhNVx/QXjJ4vqxmepOjsgRvvImQPbHkHMMb4W+ahL3laMsxXKtNT7iMy+E1B3xkqao2hf1n3A=="
      },
      "programkit.localization.abstractions": {
        "type": "Project"
      },
      "programkit.localization.core": {
        "type": "Project",
        "dependencies": {
          "ProgramKit.Localization.Abstractions": "[0.9.9-preview.1, )"
        }
      },
      "programkit.localization.formats": {
        "type": "Project",
        "dependencies": {
          "ProgramKit.Localization.Abstractions": "[0.9.9-preview.1, )"
        }
      },
      "programkit.localization.web.management": {
        "type": "Project",
        "dependencies": {
          "ProgramKit.Localization.Abstractions": "[0.9.9-preview.1, )"
        }
      },
      "programkit.localization.web.runtime": {
        "type": "Project",
        "dependencies": {
          "ProgramKit.Localization.Abstractions": "[0.9.9-preview.1, )"
        }
      },
      "CShells.Abstractions": {
        "type": "CentralTransitive",
        "requested": "[0.0.29-preview.147, )",
        "resolved": "0.0.29-preview.147",
        "contentHash": "0fBss0kPNYAdUovGowMP1iq6m4U1DWgNb0KvgIriINrZ1OX2p/CXmHzIdkY3NFedSrMbc5pWvsSxE4IFFEvPKA==",
        "dependencies": {
          "JetBrains.Annotations": "2025.2.4"
        }
      }
    }
  }
}